// !$*UTF8*$!
{
	archiveVersion = 1;
	classes = {
	};
	objectVersion = 46;
	objects = {

/* Begin PBXBuildFile section */
		1933E8901DC28FCA00F03C2C /* HolePrize.swift in Sources */ = {isa = PBXBuildFile; fileRef = 1933E88F1DC28FCA00F03C2C /* HolePrize.swift */; };
		1D6A2B93958596DFAE8C4AB0 /* Pods_Golf_Leaderboard_v1.framework in Frameworks */ = {isa = PBXBuildFile; fileRef = 7439C3635AEDB28DCBBADBF6 /* Pods_Golf_Leaderboard_v1.framework */; };
		7538A4801DD1A7BB009F1EB4 /* ScorecardCollectionView.swift in Sources */ = {isa = PBXBuildFile; fileRef = 7538A47F1DD1A7BB009F1EB4 /* ScorecardCollectionView.swift */; };
		7538A4821DD1AEF5009F1EB4 /* ScorecardCollectionViewController.swift in Sources */ = {isa = PBXBuildFile; fileRef = 7538A4811DD1AEF5009F1EB4 /* ScorecardCollectionViewController.swift */; };
		75A751021DBFF2AC0036DE26 /* Plans.txt in Resources */ = {isa = PBXBuildFile; fileRef = 75A751011DBFF2AC0036DE26 /* Plans.txt */; };
		75A751041DC073870036DE26 /* Course.swift in Sources */ = {isa = PBXBuildFile; fileRef = 75A751031DC073870036DE26 /* Course.swift */; };
		75F313ED1DE40F0D00306A6E /* CustomCollectionViewLayout.swift in Sources */ = {isa = PBXBuildFile; fileRef = 75F313EA1DE40F0D00306A6E /* CustomCollectionViewLayout.swift */; };
		75F313EE1DE40F0D00306A6E /* ScorecardCell.swift in Sources */ = {isa = PBXBuildFile; fileRef = 75F313EB1DE40F0D00306A6E /* ScorecardCell.swift */; };
		75F313EF1DE40F0D00306A6E /* ScorecardViewController.swift in Sources */ = {isa = PBXBuildFile; fileRef = 75F313EC1DE40F0D00306A6E /* ScorecardViewController.swift */; };
		820F0DF71DCCDC6F0008EC42 /* HolePrizeTabBarTableViewController.swift in Sources */ = {isa = PBXBuildFile; fileRef = 820F0DF61DCCDC6F0008EC42 /* HolePrizeTabBarTableViewController.swift */; };
		820F0DF91DCD10350008EC42 /* LeaderboardTableViewController.swift in Sources */ = {isa = PBXBuildFile; fileRef = 820F0DF81DCD10350008EC42 /* LeaderboardTableViewController.swift */; };
		820F0DFB1DCD104B0008EC42 /* ScorecardTableViewController.swift in Sources */ = {isa = PBXBuildFile; fileRef = 820F0DFA1DCD104B0008EC42 /* ScorecardTableViewController.swift */; };
		820F0E7B1DD2180B0008EC42 /* LeaderboardCalculator.swift in Sources */ = {isa = PBXBuildFile; fileRef = 820F0E7A1DD2180B0008EC42 /* LeaderboardCalculator.swift */; };
		8221EDE11DB6CCBF00239662 /* AppDelegate.swift in Sources */ = {isa = PBXBuildFile; fileRef = 8221EDE01DB6CCBF00239662 /* AppDelegate.swift */; };
		8221EDE31DB6CCBF00239662 /* ViewController.swift in Sources */ = {isa = PBXBuildFile; fileRef = 8221EDE21DB6CCBF00239662 /* ViewController.swift */; };
		8221EDE61DB6CCBF00239662 /* Main.storyboard in Resources */ = {isa = PBXBuildFile; fileRef = 8221EDE41DB6CCBF00239662 /* Main.storyboard */; };
		8221EDE81DB6CCBF00239662 /* Assets.xcassets in Resources */ = {isa = PBXBuildFile; fileRef = 8221EDE71DB6CCBF00239662 /* Assets.xcassets */; };
		8221EDEB1DB6CCBF00239662 /* LaunchScreen.storyboard in Resources */ = {isa = PBXBuildFile; fileRef = 8221EDE91DB6CCBF00239662 /* LaunchScreen.storyboard */; };
		8221EE541DBFEBA300239662 /* TitleViewController.swift in Sources */ = {isa = PBXBuildFile; fileRef = 8221EE531DBFEBA300239662 /* TitleViewController.swift */; };
		8221EE561DBFEBD900239662 /* CreateEventViewController.swift in Sources */ = {isa = PBXBuildFile; fileRef = 8221EE551DBFEBD900239662 /* CreateEventViewController.swift */; };
		8221EE581DBFEC1100239662 /* SearchEventViewController.swift in Sources */ = {isa = PBXBuildFile; fileRef = 8221EE571DBFEC1100239662 /* SearchEventViewController.swift */; };
		8221EE5A1DBFEC2800239662 /* JoinEventViewController.swift in Sources */ = {isa = PBXBuildFile; fileRef = 8221EE591DBFEC2800239662 /* JoinEventViewController.swift */; };
		8221EE5C1DBFEC4200239662 /* ScoreEntryViewController.swift in Sources */ = {isa = PBXBuildFile; fileRef = 8221EE5B1DBFEC4200239662 /* ScoreEntryViewController.swift */; };
		8221EE5E1DBFF87200239662 /* AddHolePrizeViewController.swift in Sources */ = {isa = PBXBuildFile; fileRef = 8221EE5D1DBFF87200239662 /* AddHolePrizeViewController.swift */; };
		8221EE601DBFF89600239662 /* HolePrizesTableTableViewController.swift in Sources */ = {isa = PBXBuildFile; fileRef = 8221EE5F1DBFF89600239662 /* HolePrizesTableTableViewController.swift */; };
		822B7DD61DC26FA30075E3A8 /* EventImporter.swift in Sources */ = {isa = PBXBuildFile; fileRef = 822B7DD51DC26FA30075E3A8 /* EventImporter.swift */; };
		822B7DD81DC270B50075E3A8 /* Event.swift in Sources */ = {isa = PBXBuildFile; fileRef = 822B7DD71DC270B50075E3A8 /* Event.swift */; };
		822B7DDA1DC270E50075E3A8 /* EventExporter.swift in Sources */ = {isa = PBXBuildFile; fileRef = 822B7DD91DC270E50075E3A8 /* EventExporter.swift */; };
		822B7DDC1DC295830075E3A8 /* Player.swift in Sources */ = {isa = PBXBuildFile; fileRef = 822B7DDB1DC295830075E3A8 /* Player.swift */; };
		8231D8901DCA36AD009FC2DC /* CurrentEventGlobalAccess.swift in Sources */ = {isa = PBXBuildFile; fileRef = 8231D88F1DCA36AD009FC2DC /* CurrentEventGlobalAccess.swift */; };
		82339E781DD23EC20066DE77 /* LeaderboardCustomCellTableViewCell.swift in Sources */ = {isa = PBXBuildFile; fileRef = 82339E771DD23EC20066DE77 /* LeaderboardCustomCellTableViewCell.swift */; };
		823534361DC01304007AFE70 /* CourseListImporter.swift in Sources */ = {isa = PBXBuildFile; fileRef = 823534351DC01304007AFE70 /* CourseListImporter.swift */; };
		8235343A1DC1569C007AFE70 /* UpdateHolePrizeViewController.swift in Sources */ = {isa = PBXBuildFile; fileRef = 823534391DC1569C007AFE70 /* UpdateHolePrizeViewController.swift */; };
		8235343C1DC16C11007AFE70 /* GoogleService-Info.plist in Resources */ = {isa = PBXBuildFile; fileRef = 8235343B1DC16C11007AFE70 /* GoogleService-Info.plist */; };
		8250A7E31DCBA59100528C63 /* Scorecard.swift in Sources */ = {isa = PBXBuildFile; fileRef = 8250A7E21DCBA59100528C63 /* Scorecard.swift */; };
		82A28FE31DDBC07800ED7571 /* OptionsTabViewController.swift in Sources */ = {isa = PBXBuildFile; fileRef = 82A28FE21DDBC07800ED7571 /* OptionsTabViewController.swift */; };
		82A28FE51DDCB3C800ED7571 /* SkinsCalculator.swift in Sources */ = {isa = PBXBuildFile; fileRef = 82A28FE41DDCB3C800ED7571 /* SkinsCalculator.swift */; };
/* End PBXBuildFile section */

/* Begin PBXFileReference section */
		0D367B910C9FF4D44BD5A769 /* Pods-Golf_Leaderboard_v1.release.xcconfig */ = {isa = PBXFileReference; includeInIndex = 1; lastKnownFileType = text.xcconfig; name = "Pods-Golf_Leaderboard_v1.release.xcconfig"; path = "Pods/Target Support Files/Pods-Golf_Leaderboard_v1/Pods-Golf_Leaderboard_v1.release.xcconfig"; sourceTree = "<group>"; };
		1933E88F1DC28FCA00F03C2C /* HolePrize.swift */ = {isa = PBXFileReference; fileEncoding = 4; lastKnownFileType = sourcecode.swift; path = HolePrize.swift; sourceTree = "<group>"; };
		7439C3635AEDB28DCBBADBF6 /* Pods_Golf_Leaderboard_v1.framework */ = {isa = PBXFileReference; explicitFileType = wrapper.framework; includeInIndex = 0; path = Pods_Golf_Leaderboard_v1.framework; sourceTree = BUILT_PRODUCTS_DIR; };
		7538A47F1DD1A7BB009F1EB4 /* ScorecardCollectionView.swift */ = {isa = PBXFileReference; fileEncoding = 4; lastKnownFileType = sourcecode.swift; path = ScorecardCollectionView.swift; sourceTree = "<group>"; };
		7538A4811DD1AEF5009F1EB4 /* ScorecardCollectionViewController.swift */ = {isa = PBXFileReference; fileEncoding = 4; lastKnownFileType = sourcecode.swift; path = ScorecardCollectionViewController.swift; sourceTree = "<group>"; };
		75A751011DBFF2AC0036DE26 /* Plans.txt */ = {isa = PBXFileReference; fileEncoding = 4; lastKnownFileType = text; path = Plans.txt; sourceTree = "<group>"; };
		75A751031DC073870036DE26 /* Course.swift */ = {isa = PBXFileReference; fileEncoding = 4; lastKnownFileType = sourcecode.swift; path = Course.swift; sourceTree = "<group>"; };
		75F313EA1DE40F0D00306A6E /* CustomCollectionViewLayout.swift */ = {isa = PBXFileReference; fileEncoding = 4; lastKnownFileType = sourcecode.swift; path = CustomCollectionViewLayout.swift; sourceTree = "<group>"; };
		75F313EB1DE40F0D00306A6E /* ScorecardCell.swift */ = {isa = PBXFileReference; fileEncoding = 4; lastKnownFileType = sourcecode.swift; path = ScorecardCell.swift; sourceTree = "<group>"; };
		75F313EC1DE40F0D00306A6E /* ScorecardViewController.swift */ = {isa = PBXFileReference; fileEncoding = 4; lastKnownFileType = sourcecode.swift; path = ScorecardViewController.swift; sourceTree = "<group>"; };
		820F0DF61DCCDC6F0008EC42 /* HolePrizeTabBarTableViewController.swift */ = {isa = PBXFileReference; fileEncoding = 4; lastKnownFileType = sourcecode.swift; path = HolePrizeTabBarTableViewController.swift; sourceTree = "<group>"; };
		820F0DF81DCD10350008EC42 /* LeaderboardTableViewController.swift */ = {isa = PBXFileReference; fileEncoding = 4; lastKnownFileType = sourcecode.swift; path = LeaderboardTableViewController.swift; sourceTree = "<group>"; };
		820F0DFA1DCD104B0008EC42 /* ScorecardTableViewController.swift */ = {isa = PBXFileReference; fileEncoding = 4; lastKnownFileType = sourcecode.swift; path = ScorecardTableViewController.swift; sourceTree = "<group>"; };
		820F0E7A1DD2180B0008EC42 /* LeaderboardCalculator.swift */ = {isa = PBXFileReference; fileEncoding = 4; lastKnownFileType = sourcecode.swift; path = LeaderboardCalculator.swift; sourceTree = "<group>"; };
		8221EDDD1DB6CCBF00239662 /* Golf_Leaderboard_v1.app */ = {isa = PBXFileReference; explicitFileType = wrapper.application; includeInIndex = 0; path = Golf_Leaderboard_v1.app; sourceTree = BUILT_PRODUCTS_DIR; };
		8221EDE01DB6CCBF00239662 /* AppDelegate.swift */ = {isa = PBXFileReference; lastKnownFileType = sourcecode.swift; path = AppDelegate.swift; sourceTree = "<group>"; };
		8221EDE21DB6CCBF00239662 /* ViewController.swift */ = {isa = PBXFileReference; lastKnownFileType = sourcecode.swift; path = ViewController.swift; sourceTree = "<group>"; };
		8221EDE51DB6CCBF00239662 /* Base */ = {isa = PBXFileReference; lastKnownFileType = file.storyboard; name = Base; path = Base.lproj/Main.storyboard; sourceTree = "<group>"; };
		8221EDE71DB6CCBF00239662 /* Assets.xcassets */ = {isa = PBXFileReference; lastKnownFileType = folder.assetcatalog; path = Assets.xcassets; sourceTree = "<group>"; };
		8221EDEA1DB6CCBF00239662 /* Base */ = {isa = PBXFileReference; lastKnownFileType = file.storyboard; name = Base; path = Base.lproj/LaunchScreen.storyboard; sourceTree = "<group>"; };
		8221EDEC1DB6CCBF00239662 /* Info.plist */ = {isa = PBXFileReference; lastKnownFileType = text.plist.xml; path = Info.plist; sourceTree = "<group>"; };
		8221EE531DBFEBA300239662 /* TitleViewController.swift */ = {isa = PBXFileReference; fileEncoding = 4; lastKnownFileType = sourcecode.swift; path = TitleViewController.swift; sourceTree = "<group>"; };
		8221EE551DBFEBD900239662 /* CreateEventViewController.swift */ = {isa = PBXFileReference; fileEncoding = 4; lastKnownFileType = sourcecode.swift; path = CreateEventViewController.swift; sourceTree = "<group>"; };
		8221EE571DBFEC1100239662 /* SearchEventViewController.swift */ = {isa = PBXFileReference; fileEncoding = 4; lastKnownFileType = sourcecode.swift; path = SearchEventViewController.swift; sourceTree = "<group>"; };
		8221EE591DBFEC2800239662 /* JoinEventViewController.swift */ = {isa = PBXFileReference; fileEncoding = 4; lastKnownFileType = sourcecode.swift; path = JoinEventViewController.swift; sourceTree = "<group>"; };
		8221EE5B1DBFEC4200239662 /* ScoreEntryViewController.swift */ = {isa = PBXFileReference; fileEncoding = 4; lastKnownFileType = sourcecode.swift; path = ScoreEntryViewController.swift; sourceTree = "<group>"; };
		8221EE5D1DBFF87200239662 /* AddHolePrizeViewController.swift */ = {isa = PBXFileReference; fileEncoding = 4; lastKnownFileType = sourcecode.swift; path = AddHolePrizeViewController.swift; sourceTree = "<group>"; };
		8221EE5F1DBFF89600239662 /* HolePrizesTableTableViewController.swift */ = {isa = PBXFileReference; fileEncoding = 4; lastKnownFileType = sourcecode.swift; path = HolePrizesTableTableViewController.swift; sourceTree = "<group>"; };
		822B7DD51DC26FA30075E3A8 /* EventImporter.swift */ = {isa = PBXFileReference; fileEncoding = 4; lastKnownFileType = sourcecode.swift; path = EventImporter.swift; sourceTree = "<group>"; };
		822B7DD71DC270B50075E3A8 /* Event.swift */ = {isa = PBXFileReference; fileEncoding = 4; lastKnownFileType = sourcecode.swift; path = Event.swift; sourceTree = "<group>"; };
		822B7DD91DC270E50075E3A8 /* EventExporter.swift */ = {isa = PBXFileReference; fileEncoding = 4; lastKnownFileType = sourcecode.swift; path = EventExporter.swift; sourceTree = "<group>"; };
		822B7DDB1DC295830075E3A8 /* Player.swift */ = {isa = PBXFileReference; fileEncoding = 4; lastKnownFileType = sourcecode.swift; path = Player.swift; sourceTree = "<group>"; };
		8231D88F1DCA36AD009FC2DC /* CurrentEventGlobalAccess.swift */ = {isa = PBXFileReference; fileEncoding = 4; lastKnownFileType = sourcecode.swift; path = CurrentEventGlobalAccess.swift; sourceTree = "<group>"; };
		82339E771DD23EC20066DE77 /* LeaderboardCustomCellTableViewCell.swift */ = {isa = PBXFileReference; fileEncoding = 4; lastKnownFileType = sourcecode.swift; path = LeaderboardCustomCellTableViewCell.swift; sourceTree = "<group>"; };
		823534351DC01304007AFE70 /* CourseListImporter.swift */ = {isa = PBXFileReference; fileEncoding = 4; lastKnownFileType = sourcecode.swift; path = CourseListImporter.swift; sourceTree = "<group>"; };
		823534391DC1569C007AFE70 /* UpdateHolePrizeViewController.swift */ = {isa = PBXFileReference; fileEncoding = 4; lastKnownFileType = sourcecode.swift; path = UpdateHolePrizeViewController.swift; sourceTree = "<group>"; };
		8235343B1DC16C11007AFE70 /* GoogleService-Info.plist */ = {isa = PBXFileReference; fileEncoding = 4; lastKnownFileType = text.plist.xml; path = "GoogleService-Info.plist"; sourceTree = "<group>"; };
		8250A7E21DCBA59100528C63 /* Scorecard.swift */ = {isa = PBXFileReference; fileEncoding = 4; lastKnownFileType = sourcecode.swift; path = Scorecard.swift; sourceTree = "<group>"; };
		82A28FE21DDBC07800ED7571 /* OptionsTabViewController.swift */ = {isa = PBXFileReference; fileEncoding = 4; lastKnownFileType = sourcecode.swift; path = OptionsTabViewController.swift; sourceTree = "<group>"; };
		82A28FE41DDCB3C800ED7571 /* SkinsCalculator.swift */ = {isa = PBXFileReference; fileEncoding = 4; lastKnownFileType = sourcecode.swift; path = SkinsCalculator.swift; sourceTree = "<group>"; };
		DDF1800807DCCD9CD5771F92 /* Pods-Golf_Leaderboard_v1.debug.xcconfig */ = {isa = PBXFileReference; includeInIndex = 1; lastKnownFileType = text.xcconfig; name = "Pods-Golf_Leaderboard_v1.debug.xcconfig"; path = "Pods/Target Support Files/Pods-Golf_Leaderboard_v1/Pods-Golf_Leaderboard_v1.debug.xcconfig"; sourceTree = "<group>"; };
/* End PBXFileReference section */

/* Begin PBXFrameworksBuildPhase section */
		8221EDDA1DB6CCBF00239662 /* Frameworks */ = {
			isa = PBXFrameworksBuildPhase;
			buildActionMask = 2147483647;
			files = (
				1D6A2B93958596DFAE8C4AB0 /* Pods_Golf_Leaderboard_v1.framework in Frameworks */,
			);
			runOnlyForDeploymentPostprocessing = 0;
		};
/* End PBXFrameworksBuildPhase section */

/* Begin PBXGroup section */
		00A507C8B1882905F489E235 /* Frameworks */ = {
			isa = PBXGroup;
			children = (
				7439C3635AEDB28DCBBADBF6 /* Pods_Golf_Leaderboard_v1.framework */,
			);
			name = Frameworks;
			sourceTree = "<group>";
		};
		8221EDD41DB6CCBF00239662 = {
			isa = PBXGroup;
			children = (
				8221EDDF1DB6CCBF00239662 /* Golf_Leaderboard_v1 */,
				8221EDDE1DB6CCBF00239662 /* Products */,
				AB6C1AFC45C8C1D456207351 /* Pods */,
				00A507C8B1882905F489E235 /* Frameworks */,
			);
			sourceTree = "<group>";
		};
		8221EDDE1DB6CCBF00239662 /* Products */ = {
			isa = PBXGroup;
			children = (
				8221EDDD1DB6CCBF00239662 /* Golf_Leaderboard_v1.app */,
			);
			name = Products;
			sourceTree = "<group>";
		};
		8221EDDF1DB6CCBF00239662 /* Golf_Leaderboard_v1 */ = {
			isa = PBXGroup;
			children = (
				75F313EA1DE40F0D00306A6E /* CustomCollectionViewLayout.swift */,
				75F313EB1DE40F0D00306A6E /* ScorecardCell.swift */,
				75F313EC1DE40F0D00306A6E /* ScorecardViewController.swift */,
				8221EDE01DB6CCBF00239662 /* AppDelegate.swift */,
				8221EDE21DB6CCBF00239662 /* ViewController.swift */,
				8221EDE41DB6CCBF00239662 /* Main.storyboard */,
				7538A4811DD1AEF5009F1EB4 /* ScorecardCollectionViewController.swift */,
				7538A47F1DD1A7BB009F1EB4 /* ScorecardCollectionView.swift */,
				75A751011DBFF2AC0036DE26 /* Plans.txt */,
				8231D88F1DCA36AD009FC2DC /* CurrentEventGlobalAccess.swift */,
				75A751031DC073870036DE26 /* Course.swift */,
				823534351DC01304007AFE70 /* CourseListImporter.swift */,
				822B7DD71DC270B50075E3A8 /* Event.swift */,
				822B7DD51DC26FA30075E3A8 /* EventImporter.swift */,
				822B7DD91DC270E50075E3A8 /* EventExporter.swift */,
				1933E88F1DC28FCA00F03C2C /* HolePrize.swift */,
				822B7DDB1DC295830075E3A8 /* Player.swift */,
				8250A7E21DCBA59100528C63 /* Scorecard.swift */,
				820F0E7A1DD2180B0008EC42 /* LeaderboardCalculator.swift */,
				82A28FE41DDCB3C800ED7571 /* SkinsCalculator.swift */,
				8221EDE71DB6CCBF00239662 /* Assets.xcassets */,
				8221EDE91DB6CCBF00239662 /* LaunchScreen.storyboard */,
				8221EDEC1DB6CCBF00239662 /* Info.plist */,
				8235343B1DC16C11007AFE70 /* GoogleService-Info.plist */,
				8221EE531DBFEBA300239662 /* TitleViewController.swift */,
				8221EE551DBFEBD900239662 /* CreateEventViewController.swift */,
				8221EE571DBFEC1100239662 /* SearchEventViewController.swift */,
				8221EE591DBFEC2800239662 /* JoinEventViewController.swift */,
				8221EE5B1DBFEC4200239662 /* ScoreEntryViewController.swift */,
				8221EE5D1DBFF87200239662 /* AddHolePrizeViewController.swift */,
				8221EE5F1DBFF89600239662 /* HolePrizesTableTableViewController.swift */,
				823534391DC1569C007AFE70 /* UpdateHolePrizeViewController.swift */,
				820F0DF61DCCDC6F0008EC42 /* HolePrizeTabBarTableViewController.swift */,
				820F0DF81DCD10350008EC42 /* LeaderboardTableViewController.swift */,
				820F0DFA1DCD104B0008EC42 /* ScorecardTableViewController.swift */,
				82339E771DD23EC20066DE77 /* LeaderboardCustomCellTableViewCell.swift */,
				82A28FE21DDBC07800ED7571 /* OptionsTabViewController.swift */,
			);
			path = Golf_Leaderboard_v1;
			sourceTree = "<group>";
		};
		AB6C1AFC45C8C1D456207351 /* Pods */ = {
			isa = PBXGroup;
			children = (
				DDF1800807DCCD9CD5771F92 /* Pods-Golf_Leaderboard_v1.debug.xcconfig */,
				0D367B910C9FF4D44BD5A769 /* Pods-Golf_Leaderboard_v1.release.xcconfig */,
			);
			name = Pods;
			sourceTree = "<group>";
		};
/* End PBXGroup section */

/* Begin PBXNativeTarget section */
		8221EDDC1DB6CCBF00239662 /* Golf_Leaderboard_v1 */ = {
			isa = PBXNativeTarget;
			buildConfigurationList = 8221EDEF1DB6CCBF00239662 /* Build configuration list for PBXNativeTarget "Golf_Leaderboard_v1" */;
			buildPhases = (
				2B913C967803CA6CF923322A /* [CP] Check Pods Manifest.lock */,
				8221EDD91DB6CCBF00239662 /* Sources */,
				8221EDDA1DB6CCBF00239662 /* Frameworks */,
				8221EDDB1DB6CCBF00239662 /* Resources */,
				DF21CE21E71D540C2EE64EAC /* [CP] Embed Pods Frameworks */,
				417E0B22952BDE84A90CABFE /* [CP] Copy Pods Resources */,
			);
			buildRules = (
			);
			dependencies = (
			);
			name = Golf_Leaderboard_v1;
			productName = Golf_Leaderboard_v1;
			productReference = 8221EDDD1DB6CCBF00239662 /* Golf_Leaderboard_v1.app */;
			productType = "com.apple.product-type.application";
		};
/* End PBXNativeTarget section */

/* Begin PBXProject section */
		8221EDD51DB6CCBF00239662 /* Project object */ = {
			isa = PBXProject;
			attributes = {
				LastSwiftUpdateCheck = 0800;
				LastUpgradeCheck = 0800;
				ORGANIZATIONNAME = "Group 3";
				TargetAttributes = {
					8221EDDC1DB6CCBF00239662 = {
						CreatedOnToolsVersion = 8.0;
						DevelopmentTeam = CN56G5C2AB;
						ProvisioningStyle = Automatic;
						SystemCapabilities = {
							com.apple.Keychain = {
								enabled = 0;
							};
						};
					};
				};
			};
			buildConfigurationList = 8221EDD81DB6CCBF00239662 /* Build configuration list for PBXProject "Golf_Leaderboard_v1" */;
			compatibilityVersion = "Xcode 3.2";
			developmentRegion = English;
			hasScannedForEncodings = 0;
			knownRegions = (
				en,
				Base,
			);
			mainGroup = 8221EDD41DB6CCBF00239662;
			productRefGroup = 8221EDDE1DB6CCBF00239662 /* Products */;
			projectDirPath = "";
			projectRoot = "";
			targets = (
				8221EDDC1DB6CCBF00239662 /* Golf_Leaderboard_v1 */,
			);
		};
/* End PBXProject section */

/* Begin PBXResourcesBuildPhase section */
		8221EDDB1DB6CCBF00239662 /* Resources */ = {
			isa = PBXResourcesBuildPhase;
			buildActionMask = 2147483647;
			files = (
				8221EDEB1DB6CCBF00239662 /* LaunchScreen.storyboard in Resources */,
				8221EDE81DB6CCBF00239662 /* Assets.xcassets in Resources */,
				8235343C1DC16C11007AFE70 /* GoogleService-Info.plist in Resources */,
				75A751021DBFF2AC0036DE26 /* Plans.txt in Resources */,
				8221EDE61DB6CCBF00239662 /* Main.storyboard in Resources */,
			);
			runOnlyForDeploymentPostprocessing = 0;
		};
/* End PBXResourcesBuildPhase section */

/* Begin PBXShellScriptBuildPhase section */
		2B913C967803CA6CF923322A /* [CP] Check Pods Manifest.lock */ = {
			isa = PBXShellScriptBuildPhase;
			buildActionMask = 2147483647;
			files = (
			);
			inputPaths = (
			);
			name = "[CP] Check Pods Manifest.lock";
			outputPaths = (
			);
			runOnlyForDeploymentPostprocessing = 0;
			shellPath = /bin/sh;
			shellScript = "diff \"${PODS_ROOT}/../Podfile.lock\" \"${PODS_ROOT}/Manifest.lock\" > /dev/null\nif [ $? != 0 ] ; then\n    # print error to STDERR\n    echo \"error: The sandbox is not in sync with the Podfile.lock. Run 'pod install' or update your CocoaPods installation.\" >&2\n    exit 1\nfi\n";
			showEnvVarsInLog = 0;
		};
		417E0B22952BDE84A90CABFE /* [CP] Copy Pods Resources */ = {
			isa = PBXShellScriptBuildPhase;
			buildActionMask = 2147483647;
			files = (
			);
			inputPaths = (
			);
			name = "[CP] Copy Pods Resources";
			outputPaths = (
			);
			runOnlyForDeploymentPostprocessing = 0;
			shellPath = /bin/sh;
			shellScript = "\"${SRCROOT}/Pods/Target Support Files/Pods-Golf_Leaderboard_v1/Pods-Golf_Leaderboard_v1-resources.sh\"\n";
			showEnvVarsInLog = 0;
		};
		DF21CE21E71D540C2EE64EAC /* [CP] Embed Pods Frameworks */ = {
			isa = PBXShellScriptBuildPhase;
			buildActionMask = 2147483647;
			files = (
			);
			inputPaths = (
			);
			name = "[CP] Embed Pods Frameworks";
			outputPaths = (
			);
			runOnlyForDeploymentPostprocessing = 0;
			shellPath = /bin/sh;
			shellScript = "\"${SRCROOT}/Pods/Target Support Files/Pods-Golf_Leaderboard_v1/Pods-Golf_Leaderboard_v1-frameworks.sh\"\n";
			showEnvVarsInLog = 0;
		};
/* End PBXShellScriptBuildPhase section */

/* Begin PBXSourcesBuildPhase section */
		8221EDD91DB6CCBF00239662 /* Sources */ = {
			isa = PBXSourcesBuildPhase;
			buildActionMask = 2147483647;
			files = (
				820F0DFB1DCD104B0008EC42 /* ScorecardTableViewController.swift in Sources */,
				8221EDE31DB6CCBF00239662 /* ViewController.swift in Sources */,
				82A28FE51DDCB3C800ED7571 /* SkinsCalculator.swift in Sources */,
				8221EE5C1DBFEC4200239662 /* ScoreEntryViewController.swift in Sources */,
				7538A4801DD1A7BB009F1EB4 /* ScorecardCollectionView.swift in Sources */,
				82339E781DD23EC20066DE77 /* LeaderboardCustomCellTableViewCell.swift in Sources */,
				820F0DF91DCD10350008EC42 /* LeaderboardTableViewController.swift in Sources */,
				75A751041DC073870036DE26 /* Course.swift in Sources */,
				75F313EE1DE40F0D00306A6E /* ScorecardCell.swift in Sources */,
				8235343A1DC1569C007AFE70 /* UpdateHolePrizeViewController.swift in Sources */,
				8231D8901DCA36AD009FC2DC /* CurrentEventGlobalAccess.swift in Sources */,
				8221EE5E1DBFF87200239662 /* AddHolePrizeViewController.swift in Sources */,
				8221EDE11DB6CCBF00239662 /* AppDelegate.swift in Sources */,
				823534361DC01304007AFE70 /* CourseListImporter.swift in Sources */,
				7538A4821DD1AEF5009F1EB4 /* ScorecardCollectionViewController.swift in Sources */,
				8221EE581DBFEC1100239662 /* SearchEventViewController.swift in Sources */,
				8221EE5A1DBFEC2800239662 /* JoinEventViewController.swift in Sources */,
				8221EE601DBFF89600239662 /* HolePrizesTableTableViewController.swift in Sources */,
				820F0DF71DCCDC6F0008EC42 /* HolePrizeTabBarTableViewController.swift in Sources */,
				82A28FE31DDBC07800ED7571 /* OptionsTabViewController.swift in Sources */,
				822B7DDA1DC270E50075E3A8 /* EventExporter.swift in Sources */,
				8221EE541DBFEBA300239662 /* TitleViewController.swift in Sources */,
				75F313EF1DE40F0D00306A6E /* ScorecardViewController.swift in Sources */,
				1933E8901DC28FCA00F03C2C /* HolePrize.swift in Sources */,
				8221EE561DBFEBD900239662 /* CreateEventViewController.swift in Sources */,
				8250A7E31DCBA59100528C63 /* Scorecard.swift in Sources */,
				822B7DD81DC270B50075E3A8 /* Event.swift in Sources */,
				75F313ED1DE40F0D00306A6E /* CustomCollectionViewLayout.swift in Sources */,
				822B7DDC1DC295830075E3A8 /* Player.swift in Sources */,
				820F0E7B1DD2180B0008EC42 /* LeaderboardCalculator.swift in Sources */,
				822B7DD61DC26FA30075E3A8 /* EventImporter.swift in Sources */,
			);
			runOnlyForDeploymentPostprocessing = 0;
		};
/* End PBXSourcesBuildPhase section */

/* Begin PBXVariantGroup section */
		8221EDE41DB6CCBF00239662 /* Main.storyboard */ = {
			isa = PBXVariantGroup;
			children = (
				8221EDE51DB6CCBF00239662 /* Base */,
			);
			name = Main.storyboard;
			sourceTree = "<group>";
		};
		8221EDE91DB6CCBF00239662 /* LaunchScreen.storyboard */ = {
			isa = PBXVariantGroup;
			children = (
				8221EDEA1DB6CCBF00239662 /* Base */,
			);
			name = LaunchScreen.storyboard;
			sourceTree = "<group>";
		};
/* End PBXVariantGroup section */

/* Begin XCBuildConfiguration section */
		8221EDED1DB6CCBF00239662 /* Debug */ = {
			isa = XCBuildConfiguration;
			buildSettings = {
				ALWAYS_SEARCH_USER_PATHS = NO;
				CLANG_ANALYZER_NONNULL = YES;
				CLANG_CXX_LANGUAGE_STANDARD = "gnu++0x";
				CLANG_CXX_LIBRARY = "libc++";
				CLANG_ENABLE_MODULES = YES;
				CLANG_ENABLE_OBJC_ARC = YES;
				CLANG_WARN_BOOL_CONVERSION = YES;
				CLANG_WARN_CONSTANT_CONVERSION = YES;
				CLANG_WARN_DIRECT_OBJC_ISA_USAGE = YES_ERROR;
				CLANG_WARN_DOCUMENTATION_COMMENTS = YES;
				CLANG_WARN_EMPTY_BODY = YES;
				CLANG_WARN_ENUM_CONVERSION = YES;
				CLANG_WARN_INFINITE_RECURSION = YES;
				CLANG_WARN_INT_CONVERSION = YES;
				CLANG_WARN_OBJC_ROOT_CLASS = YES_ERROR;
				CLANG_WARN_SUSPICIOUS_MOVE = YES;
				CLANG_WARN_SUSPICIOUS_MOVES = YES;
				CLANG_WARN_UNREACHABLE_CODE = YES;
				CLANG_WARN__DUPLICATE_METHOD_MATCH = YES;
				"CODE_SIGN_IDENTITY[sdk=iphoneos*]" = "iPhone Developer";
				COPY_PHASE_STRIP = NO;
				DEBUG_INFORMATION_FORMAT = dwarf;
				ENABLE_STRICT_OBJC_MSGSEND = YES;
				ENABLE_TESTABILITY = YES;
				GCC_C_LANGUAGE_STANDARD = gnu99;
				GCC_DYNAMIC_NO_PIC = NO;
				GCC_NO_COMMON_BLOCKS = YES;
				GCC_OPTIMIZATION_LEVEL = 0;
				GCC_PREPROCESSOR_DEFINITIONS = (
					"DEBUG=1",
					"$(inherited)",
				);
				GCC_WARN_64_TO_32_BIT_CONVERSION = YES;
				GCC_WARN_ABOUT_RETURN_TYPE = YES_ERROR;
				GCC_WARN_UNDECLARED_SELECTOR = YES;
				GCC_WARN_UNINITIALIZED_AUTOS = YES_AGGRESSIVE;
				GCC_WARN_UNUSED_FUNCTION = YES;
				GCC_WARN_UNUSED_VARIABLE = YES;
				IPHONEOS_DEPLOYMENT_TARGET = 10.0;
				MTL_ENABLE_DEBUG_INFO = YES;
				ONLY_ACTIVE_ARCH = YES;
				SDKROOT = iphoneos;
				SWIFT_ACTIVE_COMPILATION_CONDITIONS = DEBUG;
				SWIFT_OPTIMIZATION_LEVEL = "-Onone";
			};
			name = Debug;
		};
		8221EDEE1DB6CCBF00239662 /* Release */ = {
			isa = XCBuildConfiguration;
			buildSettings = {
				ALWAYS_SEARCH_USER_PATHS = NO;
				CLANG_ANALYZER_NONNULL = YES;
				CLANG_CXX_LANGUAGE_STANDARD = "gnu++0x";
				CLANG_CXX_LIBRARY = "libc++";
				CLANG_ENABLE_MODULES = YES;
				CLANG_ENABLE_OBJC_ARC = YES;
				CLANG_WARN_BOOL_CONVERSION = YES;
				CLANG_WARN_CONSTANT_CONVERSION = YES;
				CLANG_WARN_DIRECT_OBJC_ISA_USAGE = YES_ERROR;
				CLANG_WARN_DOCUMENTATION_COMMENTS = YES;
				CLANG_WARN_EMPTY_BODY = YES;
				CLANG_WARN_ENUM_CONVERSION = YES;
				CLANG_WARN_INFINITE_RECURSION = YES;
				CLANG_WARN_INT_CONVERSION = YES;
				CLANG_WARN_OBJC_ROOT_CLASS = YES_ERROR;
				CLANG_WARN_SUSPICIOUS_MOVE = YES;
				CLANG_WARN_SUSPICIOUS_MOVES = YES;
				CLANG_WARN_UNREACHABLE_CODE = YES;
				CLANG_WARN__DUPLICATE_METHOD_MATCH = YES;
				"CODE_SIGN_IDENTITY[sdk=iphoneos*]" = "iPhone Developer";
				COPY_PHASE_STRIP = NO;
				DEBUG_INFORMATION_FORMAT = "dwarf-with-dsym";
				ENABLE_NS_ASSERTIONS = NO;
				ENABLE_STRICT_OBJC_MSGSEND = YES;
				GCC_C_LANGUAGE_STANDARD = gnu99;
				GCC_NO_COMMON_BLOCKS = YES;
				GCC_WARN_64_TO_32_BIT_CONVERSION = YES;
				GCC_WARN_ABOUT_RETURN_TYPE = YES_ERROR;
				GCC_WARN_UNDECLARED_SELECTOR = YES;
				GCC_WARN_UNINITIALIZED_AUTOS = YES_AGGRESSIVE;
				GCC_WARN_UNUSED_FUNCTION = YES;
				GCC_WARN_UNUSED_VARIABLE = YES;
				IPHONEOS_DEPLOYMENT_TARGET = 10.0;
				MTL_ENABLE_DEBUG_INFO = NO;
				SDKROOT = iphoneos;
				SWIFT_OPTIMIZATION_LEVEL = "-Owholemodule";
				VALIDATE_PRODUCT = YES;
			};
			name = Release;
		};
		8221EDF01DB6CCBF00239662 /* Debug */ = {
			isa = XCBuildConfiguration;
			baseConfigurationReference = DDF1800807DCCD9CD5771F92 /* Pods-Golf_Leaderboard_v1.debug.xcconfig */;
			buildSettings = {
				ASSETCATALOG_COMPILER_APPICON_NAME = AppIcon;
				DEVELOPMENT_TEAM = CN56G5C2AB;
				INFOPLIST_FILE = Golf_Leaderboard_v1/Info.plist;
				LD_RUNPATH_SEARCH_PATHS = "$(inherited) @executable_path/Frameworks";
				PRODUCT_BUNDLE_IDENTIFIER = "com.Golf-Leaderboard-v1";
				PRODUCT_NAME = "$(TARGET_NAME)";
				SWIFT_VERSION = 3.0;
			};
			name = Debug;
		};
		8221EDF11DB6CCBF00239662 /* Release */ = {
			isa = XCBuildConfiguration;
			baseConfigurationReference = 0D367B910C9FF4D44BD5A769 /* Pods-Golf_Leaderboard_v1.release.xcconfig */;
			buildSettings = {
				ASSETCATALOG_COMPILER_APPICON_NAME = AppIcon;
				DEVELOPMENT_TEAM = CN56G5C2AB;
				INFOPLIST_FILE = Golf_Leaderboard_v1/Info.plist;
				LD_RUNPATH_SEARCH_PATHS = "$(inherited) @executable_path/Frameworks";
				PRODUCT_BUNDLE_IDENTIFIER = "com.Golf-Leaderboard-v1";
				PRODUCT_NAME = "$(TARGET_NAME)";
				SWIFT_VERSION = 3.0;
			};
			name = Release;
		};
/* End XCBuildConfiguration section */

/* Begin XCConfigurationList section */
		8221EDD81DB6CCBF00239662 /* Build configuration list for PBXProject "Golf_Leaderboard_v1" */ = {
			isa = XCConfigurationList;
			buildConfigurations = (
				8221EDED1DB6CCBF00239662 /* Debug */,
				8221EDEE1DB6CCBF00239662 /* Release */,
			);
			defaultConfigurationIsVisible = 0;
			defaultConfigurationName = Release;
		};
		8221EDEF1DB6CCBF00239662 /* Build configuration list for PBXNativeTarget "Golf_Leaderboard_v1" */ = {
			isa = XCConfigurationList;
			buildConfigurations = (
				8221EDF01DB6CCBF00239662 /* Debug */,
				8221EDF11DB6CCBF00239662 /* Release */,
			);
			defaultConfigurationIsVisible = 0;
			defaultConfigurationName = Release;
		};
/* End XCConfigurationList section */
	};
	rootObject = 8221EDD51DB6CCBF00239662 /* Project object */;
}
